
Microsoft Visual Studio Solution File, Format Version 12.00
# Visual Studio Version 17
VisualStudioVersion = 17.3.32922.545
MinimumVisualStudioVersion = 10.0.40219.1
Project("{FAE04EC0-301F-11D3-BF4B-00C04F79EFBC}") = "NameGenerator", "NameGenerator.csproj", "{C991E033-B450-4DE4-8830-C9C75825843B}"
EndProject
Global
	GlobalSection(SolutionConfigurationPlatforms) = preSolution
		Debug|Any CPU = Debug|Any CPU
		Release|Any CPU = Release|Any CPU
	EndGlobalSection
	GlobalSection(ProjectConfigurationPlatforms) = postSolution
		{C991E033-B450-4DE4-8830-C9C75825843B}.Debug|Any CPU.ActiveCfg = Debug|Any CPU
		{C991E033-B450-4DE4-8830-C9C75825843B}.Debug|Any CPU.Build.0 = Debug|Any CPU
		{C991E033-B450-4DE4-8830-C9C75825843B}.Release|Any CPU.ActiveCfg = Release|Any CPU
		{C991E033-B450-4DE4-8830-C9C75825843B}.Release|Any CPU.Build.0 = Release|Any CPU
	EndGlobalSection
	GlobalSection(SolutionProperties) = preSolution
		HideSolutionNode = FALSE
	EndGlobalSection
	GlobalSection(ExtensibilityGlobals) = postSolution
		SolutionGuid = {38992875-AAC7-451E-9CCA-759FCA7E0B87}
	EndGlobalSection
EndGlobal
